{
  "version": 4,
  "terraform_version": "0.13.1",
  "serial": 93,
  "lineage": "72f91403-db04-cec5-5584-2268bddaf33f",
  "outputs": {},
  "resources": [
    {
      "mode": "managed",
      "type": "azurerm_network_interface",
      "name": "terranic",
      "provider": "provider[\"registry.terraform.io/hashicorp/azurerm\"]",
      "instances": [
        {
          "index_key": 0,
          "schema_version": 0,
          "attributes": {
            "applied_dns_servers": [],
            "dns_servers": [],
            "enable_accelerated_networking": false,
            "enable_ip_forwarding": false,
            "id": "/subscriptions/8576d294-a3bb-4c6b-8fe4-6d491afce607/resourceGroups/RG_Terravms/providers/Microsoft.Network/networkInterfaces/vm-nic-0",
            "internal_dns_name_label": "",
            "internal_domain_name_suffix": "bjotvwiumhmengvmufnopjomtc.rx.internal.cloudapp.net",
            "ip_configuration": [
              {
                "name": "external",
                "primary": true,
                "private_ip_address": "10.0.1.4",
                "private_ip_address_allocation": "Dynamic",
                "private_ip_address_version": "IPv4",
                "public_ip_address_id": "/subscriptions/8576d294-a3bb-4c6b-8fe4-6d491afce607/resourceGroups/RG_Terravms/providers/Microsoft.Network/publicIPAddresses/vm-ip-0",
                "subnet_id": "/subscriptions/8576d294-a3bb-4c6b-8fe4-6d491afce607/resourceGroups/RG_Terravms/providers/Microsoft.Network/virtualNetworks/vnet/subnets/subnet"
              }
            ],
            "location": "centralindia",
            "mac_address": "",
            "name": "vm-nic-0",
            "private_ip_address": "10.0.1.4",
            "private_ip_addresses": [
              "10.0.1.4"
            ],
            "resource_group_name": "RG_Terravms",
            "tags": null,
            "timeouts": null,
            "virtual_machine_id": ""
          },
          "private": "eyJlMmJmYjczMC1lY2FhLTExZTYtOGY4OC0zNDM2M2JjN2M0YzAiOnsiY3JlYXRlIjoxODAwMDAwMDAwMDAwLCJkZWxldGUiOjE4MDAwMDAwMDAwMDAsInJlYWQiOjMwMDAwMDAwMDAwMCwidXBkYXRlIjoxODAwMDAwMDAwMDAwfX0=",
          "dependencies": [
            "azurerm_public_ip.vmip",
            "azurerm_resource_group.rg",
            "azurerm_subnet.vmsubnet",
            "azurerm_virtual_network.vnet"
          ]
        },
        {
          "index_key": 1,
          "schema_version": 0,
          "attributes": {
            "applied_dns_servers": [],
            "dns_servers": [],
            "enable_accelerated_networking": false,
            "enable_ip_forwarding": false,
            "id": "/subscriptions/8576d294-a3bb-4c6b-8fe4-6d491afce607/resourceGroups/RG_Terravms/providers/Microsoft.Network/networkInterfaces/vm-nic-1",
            "internal_dns_name_label": "",
            "internal_domain_name_suffix": "bjotvwiumhmengvmufnopjomtc.rx.internal.cloudapp.net",
            "ip_configuration": [
              {
                "name": "external",
                "primary": true,
                "private_ip_address": "10.0.1.5",
                "private_ip_address_allocation": "Dynamic",
                "private_ip_address_version": "IPv4",
                "public_ip_address_id": "/subscriptions/8576d294-a3bb-4c6b-8fe4-6d491afce607/resourceGroups/RG_Terravms/providers/Microsoft.Network/publicIPAddresses/vm-ip-1",
                "subnet_id": "/subscriptions/8576d294-a3bb-4c6b-8fe4-6d491afce607/resourceGroups/RG_Terravms/providers/Microsoft.Network/virtualNetworks/vnet/subnets/subnet"
              }
            ],
            "location": "centralindia",
            "mac_address": "",
            "name": "vm-nic-1",
            "private_ip_address": "10.0.1.5",
            "private_ip_addresses": [
              "10.0.1.5"
            ],
            "resource_group_name": "RG_Terravms",
            "tags": null,
            "timeouts": null,
            "virtual_machine_id": ""
          },
          "private": "eyJlMmJmYjczMC1lY2FhLTExZTYtOGY4OC0zNDM2M2JjN2M0YzAiOnsiY3JlYXRlIjoxODAwMDAwMDAwMDAwLCJkZWxldGUiOjE4MDAwMDAwMDAwMDAsInJlYWQiOjMwMDAwMDAwMDAwMCwidXBkYXRlIjoxODAwMDAwMDAwMDAwfX0=",
          "dependencies": [
            "azurerm_public_ip.vmip",
            "azurerm_resource_group.rg",
            "azurerm_subnet.vmsubnet",
            "azurerm_virtual_network.vnet"
          ]
        },
        {
          "index_key": 2,
          "schema_version": 0,
          "attributes": {
            "applied_dns_servers": [],
            "dns_servers": [],
            "enable_accelerated_networking": false,
            "enable_ip_forwarding": false,
            "id": "/subscriptions/8576d294-a3bb-4c6b-8fe4-6d491afce607/resourceGroups/RG_Terravms/providers/Microsoft.Network/networkInterfaces/vm-nic-2",
            "internal_dns_name_label": "",
            "internal_domain_name_suffix": "bjotvwiumhmengvmufnopjomtc.rx.internal.cloudapp.net",
            "ip_configuration": [
              {
                "name": "external",
                "primary": true,
                "private_ip_address": "10.0.1.7",
                "private_ip_address_allocation": "Dynamic",
                "private_ip_address_version": "IPv4",
                "public_ip_address_id": "/subscriptions/8576d294-a3bb-4c6b-8fe4-6d491afce607/resourceGroups/RG_Terravms/providers/Microsoft.Network/publicIPAddresses/vm-ip-2",
                "subnet_id": "/subscriptions/8576d294-a3bb-4c6b-8fe4-6d491afce607/resourceGroups/RG_Terravms/providers/Microsoft.Network/virtualNetworks/vnet/subnets/subnet"
              }
            ],
            "location": "centralindia",
            "mac_address": "",
            "name": "vm-nic-2",
            "private_ip_address": "10.0.1.7",
            "private_ip_addresses": [
              "10.0.1.7"
            ],
            "resource_group_name": "RG_Terravms",
            "tags": null,
            "timeouts": null,
            "virtual_machine_id": ""
          },
          "private": "eyJlMmJmYjczMC1lY2FhLTExZTYtOGY4OC0zNDM2M2JjN2M0YzAiOnsiY3JlYXRlIjoxODAwMDAwMDAwMDAwLCJkZWxldGUiOjE4MDAwMDAwMDAwMDAsInJlYWQiOjMwMDAwMDAwMDAwMCwidXBkYXRlIjoxODAwMDAwMDAwMDAwfX0=",
          "dependencies": [
            "azurerm_public_ip.vmip",
            "azurerm_resource_group.rg",
            "azurerm_subnet.vmsubnet",
            "azurerm_virtual_network.vnet"
          ]
        },
        {
          "index_key": 3,
          "schema_version": 0,
          "attributes": {
            "applied_dns_servers": [],
            "dns_servers": [],
            "enable_accelerated_networking": false,
            "enable_ip_forwarding": false,
            "id": "/subscriptions/8576d294-a3bb-4c6b-8fe4-6d491afce607/resourceGroups/RG_Terravms/providers/Microsoft.Network/networkInterfaces/vm-nic-3",
            "internal_dns_name_label": "",
            "internal_domain_name_suffix": "bjotvwiumhmengvmufnopjomtc.rx.internal.cloudapp.net",
            "ip_configuration": [
              {
                "name": "external",
                "primary": true,
                "private_ip_address": "10.0.1.6",
                "private_ip_address_allocation": "Dynamic",
                "private_ip_address_version": "IPv4",
                "public_ip_address_id": "/subscriptions/8576d294-a3bb-4c6b-8fe4-6d491afce607/resourceGroups/RG_Terravms/providers/Microsoft.Network/publicIPAddresses/vm-ip-3",
                "subnet_id": "/subscriptions/8576d294-a3bb-4c6b-8fe4-6d491afce607/resourceGroups/RG_Terravms/providers/Microsoft.Network/virtualNetworks/vnet/subnets/subnet"
              }
            ],
            "location": "centralindia",
            "mac_address": "",
            "name": "vm-nic-3",
            "private_ip_address": "10.0.1.6",
            "private_ip_addresses": [
              "10.0.1.6"
            ],
            "resource_group_name": "RG_Terravms",
            "tags": null,
            "timeouts": null,
            "virtual_machine_id": ""
          },
          "private": "eyJlMmJmYjczMC1lY2FhLTExZTYtOGY4OC0zNDM2M2JjN2M0YzAiOnsiY3JlYXRlIjoxODAwMDAwMDAwMDAwLCJkZWxldGUiOjE4MDAwMDAwMDAwMDAsInJlYWQiOjMwMDAwMDAwMDAwMCwidXBkYXRlIjoxODAwMDAwMDAwMDAwfX0=",
          "dependencies": [
            "azurerm_public_ip.vmip",
            "azurerm_resource_group.rg",
            "azurerm_subnet.vmsubnet",
            "azurerm_virtual_network.vnet"
          ]
        }
      ]
    },
    {
      "mode": "managed",
      "type": "azurerm_network_security_group",
      "name": "nsgname",
      "provider": "provider[\"registry.terraform.io/hashicorp/azurerm\"]",
      "instances": [
        {
          "schema_version": 0,
          "attributes": {
            "id": "/subscriptions/8576d294-a3bb-4c6b-8fe4-6d491afce607/resourceGroups/RG_Terravms/providers/Microsoft.Network/networkSecurityGroups/vm-nsg",
            "location": "centralindia",
            "name": "vm-nsg",
            "resource_group_name": "RG_Terravms",
            "security_rule": [
              {
                "access": "Allow",
                "description": "Allow RDP access",
                "destination_address_prefix": "*",
                "destination_address_prefixes": [],
                "destination_application_security_group_ids": [],
                "destination_port_range": "3389",
                "destination_port_ranges": [],
                "direction": "Inbound",
                "name": "allow_RDP",
                "priority": 110,
                "protocol": "Tcp",
                "source_address_prefix": "*",
                "source_address_prefixes": [],
                "source_application_security_group_ids": [],
                "source_port_range": "*",
                "source_port_ranges": []
              }
            ],
            "tags": null,
            "timeouts": null
          },
          "private": "eyJlMmJmYjczMC1lY2FhLTExZTYtOGY4OC0zNDM2M2JjN2M0YzAiOnsiY3JlYXRlIjoxODAwMDAwMDAwMDAwLCJkZWxldGUiOjE4MDAwMDAwMDAwMDAsInJlYWQiOjMwMDAwMDAwMDAwMCwidXBkYXRlIjoxODAwMDAwMDAwMDAwfX0=",
          "dependencies": [
            "azurerm_resource_group.rg"
          ]
        }
      ]
    },
    {
      "mode": "managed",
      "type": "azurerm_public_ip",
      "name": "vmip",
      "provider": "provider[\"registry.terraform.io/hashicorp/azurerm\"]",
      "instances": [
        {
          "index_key": 0,
          "schema_version": 0,
          "attributes": {
            "allocation_method": "Static",
            "domain_name_label": null,
            "fqdn": null,
            "id": "/subscriptions/8576d294-a3bb-4c6b-8fe4-6d491afce607/resourceGroups/RG_Terravms/providers/Microsoft.Network/publicIPAddresses/vm-ip-0",
            "idle_timeout_in_minutes": 4,
            "ip_address": "104.211.117.69",
            "ip_version": "IPv4",
            "location": "centralindia",
            "name": "vm-ip-0",
            "public_ip_prefix_id": null,
            "resource_group_name": "RG_Terravms",
            "reverse_fqdn": null,
            "sku": "Basic",
            "tags": null,
            "timeouts": null,
            "zones": null
          },
          "private": "eyJlMmJmYjczMC1lY2FhLTExZTYtOGY4OC0zNDM2M2JjN2M0YzAiOnsiY3JlYXRlIjoxODAwMDAwMDAwMDAwLCJkZWxldGUiOjE4MDAwMDAwMDAwMDAsInJlYWQiOjMwMDAwMDAwMDAwMCwidXBkYXRlIjoxODAwMDAwMDAwMDAwfX0=",
          "dependencies": [
            "azurerm_resource_group.rg"
          ]
        },
        {
          "index_key": 1,
          "schema_version": 0,
          "attributes": {
            "allocation_method": "Static",
            "domain_name_label": null,
            "fqdn": null,
            "id": "/subscriptions/8576d294-a3bb-4c6b-8fe4-6d491afce607/resourceGroups/RG_Terravms/providers/Microsoft.Network/publicIPAddresses/vm-ip-1",
            "idle_timeout_in_minutes": 4,
            "ip_address": "104.211.117.165",
            "ip_version": "IPv4",
            "location": "centralindia",
            "name": "vm-ip-1",
            "public_ip_prefix_id": null,
            "resource_group_name": "RG_Terravms",
            "reverse_fqdn": null,
            "sku": "Basic",
            "tags": null,
            "timeouts": null,
            "zones": null
          },
          "private": "eyJlMmJmYjczMC1lY2FhLTExZTYtOGY4OC0zNDM2M2JjN2M0YzAiOnsiY3JlYXRlIjoxODAwMDAwMDAwMDAwLCJkZWxldGUiOjE4MDAwMDAwMDAwMDAsInJlYWQiOjMwMDAwMDAwMDAwMCwidXBkYXRlIjoxODAwMDAwMDAwMDAwfX0=",
          "dependencies": [
            "azurerm_resource_group.rg"
          ]
        },
        {
          "index_key": 2,
          "schema_version": 0,
          "attributes": {
            "allocation_method": "Static",
            "domain_name_label": null,
            "fqdn": null,
            "id": "/subscriptions/8576d294-a3bb-4c6b-8fe4-6d491afce607/resourceGroups/RG_Terravms/providers/Microsoft.Network/publicIPAddresses/vm-ip-2",
            "idle_timeout_in_minutes": 4,
            "ip_address": "13.71.3.149",
            "ip_version": "IPv4",
            "location": "centralindia",
            "name": "vm-ip-2",
            "public_ip_prefix_id": null,
            "resource_group_name": "RG_Terravms",
            "reverse_fqdn": null,
            "sku": "Basic",
            "tags": null,
            "timeouts": null,
            "zones": null
          },
          "private": "eyJlMmJmYjczMC1lY2FhLTExZTYtOGY4OC0zNDM2M2JjN2M0YzAiOnsiY3JlYXRlIjoxODAwMDAwMDAwMDAwLCJkZWxldGUiOjE4MDAwMDAwMDAwMDAsInJlYWQiOjMwMDAwMDAwMDAwMCwidXBkYXRlIjoxODAwMDAwMDAwMDAwfX0=",
          "dependencies": [
            "azurerm_resource_group.rg"
          ]
        },
        {
          "index_key": 3,
          "schema_version": 0,
          "attributes": {
            "allocation_method": "Static",
            "domain_name_label": null,
            "fqdn": null,
            "id": "/subscriptions/8576d294-a3bb-4c6b-8fe4-6d491afce607/resourceGroups/RG_Terravms/providers/Microsoft.Network/publicIPAddresses/vm-ip-3",
            "idle_timeout_in_minutes": 4,
            "ip_address": "104.211.117.74",
            "ip_version": "IPv4",
            "location": "centralindia",
            "name": "vm-ip-3",
            "public_ip_prefix_id": null,
            "resource_group_name": "RG_Terravms",
            "reverse_fqdn": null,
            "sku": "Basic",
            "tags": null,
            "timeouts": null,
            "zones": null
          },
          "private": "eyJlMmJmYjczMC1lY2FhLTExZTYtOGY4OC0zNDM2M2JjN2M0YzAiOnsiY3JlYXRlIjoxODAwMDAwMDAwMDAwLCJkZWxldGUiOjE4MDAwMDAwMDAwMDAsInJlYWQiOjMwMDAwMDAwMDAwMCwidXBkYXRlIjoxODAwMDAwMDAwMDAwfX0=",
          "dependencies": [
            "azurerm_resource_group.rg"
          ]
        }
      ]
    },
    {
      "mode": "managed",
      "type": "azurerm_resource_group",
      "name": "rg",
      "provider": "provider[\"registry.terraform.io/hashicorp/azurerm\"]",
      "instances": [
        {
          "schema_version": 0,
          "attributes": {
            "id": "/subscriptions/8576d294-a3bb-4c6b-8fe4-6d491afce607/resourceGroups/RG_Terravms",
            "location": "centralindia",
            "name": "RG_Terravms",
            "tags": null,
            "timeouts": null
          },
          "private": "eyJlMmJmYjczMC1lY2FhLTExZTYtOGY4OC0zNDM2M2JjN2M0YzAiOnsiY3JlYXRlIjo1NDAwMDAwMDAwMDAwLCJkZWxldGUiOjU0MDAwMDAwMDAwMDAsInJlYWQiOjMwMDAwMDAwMDAwMCwidXBkYXRlIjo1NDAwMDAwMDAwMDAwfX0="
        }
      ]
    },
    {
      "mode": "managed",
      "type": "azurerm_subnet",
      "name": "vmsubnet",
      "provider": "provider[\"registry.terraform.io/hashicorp/azurerm\"]",
      "instances": [
        {
          "schema_version": 0,
          "attributes": {
            "address_prefix": "10.0.1.0/24",
            "address_prefixes": [
              "10.0.1.0/24"
            ],
            "delegation": [],
            "enforce_private_link_endpoint_network_policies": false,
            "enforce_private_link_service_network_policies": false,
            "id": "/subscriptions/8576d294-a3bb-4c6b-8fe4-6d491afce607/resourceGroups/RG_Terravms/providers/Microsoft.Network/virtualNetworks/vnet/subnets/subnet",
            "name": "subnet",
            "resource_group_name": "RG_Terravms",
            "service_endpoints": null,
            "timeouts": null,
            "virtual_network_name": "vnet"
          },
          "private": "eyJlMmJmYjczMC1lY2FhLTExZTYtOGY4OC0zNDM2M2JjN2M0YzAiOnsiY3JlYXRlIjoxODAwMDAwMDAwMDAwLCJkZWxldGUiOjE4MDAwMDAwMDAwMDAsInJlYWQiOjMwMDAwMDAwMDAwMCwidXBkYXRlIjoxODAwMDAwMDAwMDAwfX0=",
          "dependencies": [
            "azurerm_resource_group.rg",
            "azurerm_virtual_network.vnet"
          ]
        }
      ]
    },
    {
      "mode": "managed",
      "type": "azurerm_subnet_network_security_group_association",
      "name": "nsgsubnet",
      "provider": "provider[\"registry.terraform.io/hashicorp/azurerm\"]",
      "instances": [
        {
          "schema_version": 0,
          "attributes": {
            "id": "/subscriptions/8576d294-a3bb-4c6b-8fe4-6d491afce607/resourceGroups/RG_Terravms/providers/Microsoft.Network/virtualNetworks/vnet/subnets/subnet",
            "network_security_group_id": "/subscriptions/8576d294-a3bb-4c6b-8fe4-6d491afce607/resourceGroups/RG_Terravms/providers/Microsoft.Network/networkSecurityGroups/vm-nsg",
            "subnet_id": "/subscriptions/8576d294-a3bb-4c6b-8fe4-6d491afce607/resourceGroups/RG_Terravms/providers/Microsoft.Network/virtualNetworks/vnet/subnets/subnet",
            "timeouts": null
          },
          "private": "eyJlMmJmYjczMC1lY2FhLTExZTYtOGY4OC0zNDM2M2JjN2M0YzAiOnsiY3JlYXRlIjoxODAwMDAwMDAwMDAwLCJkZWxldGUiOjE4MDAwMDAwMDAwMDAsInJlYWQiOjMwMDAwMDAwMDAwMCwidXBkYXRlIjoxODAwMDAwMDAwMDAwfX0=",
          "dependencies": [
            "azurerm_network_security_group.nsgname",
            "azurerm_resource_group.rg",
            "azurerm_subnet.vmsubnet",
            "azurerm_virtual_network.vnet"
          ]
        }
      ]
    },
    {
      "mode": "managed",
      "type": "azurerm_virtual_machine",
      "name": "vm",
      "provider": "provider[\"registry.terraform.io/hashicorp/azurerm\"]",
      "instances": [
        {
          "index_key": 0,
          "schema_version": 0,
          "attributes": {
            "additional_capabilities": [],
            "availability_set_id": null,
            "boot_diagnostics": [],
            "delete_data_disks_on_termination": false,
            "delete_os_disk_on_termination": false,
            "id": "/subscriptions/8576d294-a3bb-4c6b-8fe4-6d491afce607/resourceGroups/RG_Terravms/providers/Microsoft.Compute/virtualMachines/vm0",
            "identity": [],
            "license_type": null,
            "location": "centralindia",
            "name": "vm0",
            "network_interface_ids": [
              "/subscriptions/8576d294-a3bb-4c6b-8fe4-6d491afce607/resourceGroups/RG_Terravms/providers/Microsoft.Network/networkInterfaces/vm-nic-0"
            ],
            "os_profile": [
              {
                "admin_password": "",
                "admin_username": "vmadmin",
                "computer_name": "hostname",
                "custom_data": ""
              }
            ],
            "os_profile_linux_config": [],
            "os_profile_secrets": [],
            "os_profile_windows_config": [
              {
                "additional_unattend_config": [],
                "enable_automatic_upgrades": false,
                "provision_vm_agent": false,
                "timezone": "",
                "winrm": []
              }
            ],
            "plan": [],
            "primary_network_interface_id": null,
            "proximity_placement_group_id": null,
            "resource_group_name": "RG_Terravms",
            "storage_data_disk": [],
            "storage_image_reference": [
              {
                "id": "",
                "offer": "WindowsServer",
                "publisher": "MicrosoftWindowsServer",
                "sku": "2012-R2-Datacenter",
                "version": "latest"
              }
            ],
            "storage_os_disk": [
              {
                "caching": "ReadWrite",
                "create_option": "FromImage",
                "disk_size_gb": 127,
                "image_uri": "",
                "managed_disk_id": "/subscriptions/8576d294-a3bb-4c6b-8fe4-6d491afce607/resourceGroups/RG_TERRAVMS/providers/Microsoft.Compute/disks/osdisk0",
                "managed_disk_type": "Standard_LRS",
                "name": "osdisk0",
                "os_type": "Windows",
                "vhd_uri": "",
                "write_accelerator_enabled": false
              }
            ],
            "tags": null,
            "timeouts": null,
            "vm_size": "Standard_D1_v2",
            "zones": null
          },
          "private": "eyJlMmJmYjczMC1lY2FhLTExZTYtOGY4OC0zNDM2M2JjN2M0YzAiOnsiY3JlYXRlIjozNjAwMDAwMDAwMDAwLCJkZWxldGUiOjM2MDAwMDAwMDAwMDAsInJlYWQiOjMwMDAwMDAwMDAwMCwidXBkYXRlIjozNjAwMDAwMDAwMDAwfX0=",
          "dependencies": [
            "azurerm_network_interface.terranic",
            "azurerm_public_ip.vmip",
            "azurerm_resource_group.rg",
            "azurerm_subnet.vmsubnet",
            "azurerm_virtual_network.vnet"
          ]
        },
        {
          "index_key": 1,
          "schema_version": 0,
          "attributes": {
            "additional_capabilities": [],
            "availability_set_id": null,
            "boot_diagnostics": [],
            "delete_data_disks_on_termination": false,
            "delete_os_disk_on_termination": false,
            "id": "/subscriptions/8576d294-a3bb-4c6b-8fe4-6d491afce607/resourceGroups/RG_Terravms/providers/Microsoft.Compute/virtualMachines/vm1",
            "identity": [],
            "license_type": null,
            "location": "centralindia",
            "name": "vm1",
            "network_interface_ids": [
              "/subscriptions/8576d294-a3bb-4c6b-8fe4-6d491afce607/resourceGroups/RG_Terravms/providers/Microsoft.Network/networkInterfaces/vm-nic-1"
            ],
            "os_profile": [
              {
                "admin_password": "",
                "admin_username": "vmadmin",
                "computer_name": "hostname",
                "custom_data": ""
              }
            ],
            "os_profile_linux_config": [],
            "os_profile_secrets": [],
            "os_profile_windows_config": [
              {
                "additional_unattend_config": [],
                "enable_automatic_upgrades": false,
                "provision_vm_agent": false,
                "timezone": "",
                "winrm": []
              }
            ],
            "plan": [],
            "primary_network_interface_id": null,
            "proximity_placement_group_id": null,
            "resource_group_name": "RG_Terravms",
            "storage_data_disk": [],
            "storage_image_reference": [
              {
                "id": "",
                "offer": "WindowsServer",
                "publisher": "MicrosoftWindowsServer",
                "sku": "2012-R2-Datacenter",
                "version": "latest"
              }
            ],
            "storage_os_disk": [
              {
                "caching": "ReadWrite",
                "create_option": "FromImage",
                "disk_size_gb": 127,
                "image_uri": "",
                "managed_disk_id": "/subscriptions/8576d294-a3bb-4c6b-8fe4-6d491afce607/resourceGroups/RG_TERRAVMS/providers/Microsoft.Compute/disks/osdisk1",
                "managed_disk_type": "Standard_LRS",
                "name": "osdisk1",
                "os_type": "Windows",
                "vhd_uri": "",
                "write_accelerator_enabled": false
              }
            ],
            "tags": null,
            "timeouts": null,
            "vm_size": "Standard_D1_v2",
            "zones": null
          },
          "private": "eyJlMmJmYjczMC1lY2FhLTExZTYtOGY4OC0zNDM2M2JjN2M0YzAiOnsiY3JlYXRlIjozNjAwMDAwMDAwMDAwLCJkZWxldGUiOjM2MDAwMDAwMDAwMDAsInJlYWQiOjMwMDAwMDAwMDAwMCwidXBkYXRlIjozNjAwMDAwMDAwMDAwfX0=",
          "dependencies": [
            "azurerm_network_interface.terranic",
            "azurerm_public_ip.vmip",
            "azurerm_resource_group.rg",
            "azurerm_subnet.vmsubnet",
            "azurerm_virtual_network.vnet"
          ]
        },
        {
          "index_key": 2,
          "schema_version": 0,
          "attributes": {
            "additional_capabilities": [],
            "availability_set_id": null,
            "boot_diagnostics": [],
            "delete_data_disks_on_termination": false,
            "delete_os_disk_on_termination": false,
            "id": "/subscriptions/8576d294-a3bb-4c6b-8fe4-6d491afce607/resourceGroups/RG_Terravms/providers/Microsoft.Compute/virtualMachines/vm2",
            "identity": [],
            "license_type": null,
            "location": "centralindia",
            "name": "vm2",
            "network_interface_ids": [
              "/subscriptions/8576d294-a3bb-4c6b-8fe4-6d491afce607/resourceGroups/RG_Terravms/providers/Microsoft.Network/networkInterfaces/vm-nic-2"
            ],
            "os_profile": [
              {
                "admin_password": "",
                "admin_username": "vmadmin",
                "computer_name": "hostname",
                "custom_data": ""
              }
            ],
            "os_profile_linux_config": [],
            "os_profile_secrets": [],
            "os_profile_windows_config": [
              {
                "additional_unattend_config": [],
                "enable_automatic_upgrades": false,
                "provision_vm_agent": false,
                "timezone": "",
                "winrm": []
              }
            ],
            "plan": [],
            "primary_network_interface_id": null,
            "proximity_placement_group_id": null,
            "resource_group_name": "RG_Terravms",
            "storage_data_disk": [],
            "storage_image_reference": [
              {
                "id": "",
                "offer": "WindowsServer",
                "publisher": "MicrosoftWindowsServer",
                "sku": "2012-R2-Datacenter",
                "version": "latest"
              }
            ],
            "storage_os_disk": [
              {
                "caching": "ReadWrite",
                "create_option": "FromImage",
                "disk_size_gb": 127,
                "image_uri": "",
                "managed_disk_id": "/subscriptions/8576d294-a3bb-4c6b-8fe4-6d491afce607/resourceGroups/RG_TERRAVMS/providers/Microsoft.Compute/disks/osdisk2",
                "managed_disk_type": "Standard_LRS",
                "name": "osdisk2",
                "os_type": "Windows",
                "vhd_uri": "",
                "write_accelerator_enabled": false
              }
            ],
            "tags": null,
            "timeouts": null,
            "vm_size": "Standard_D1_v2",
            "zones": null
          },
          "private": "eyJlMmJmYjczMC1lY2FhLTExZTYtOGY4OC0zNDM2M2JjN2M0YzAiOnsiY3JlYXRlIjozNjAwMDAwMDAwMDAwLCJkZWxldGUiOjM2MDAwMDAwMDAwMDAsInJlYWQiOjMwMDAwMDAwMDAwMCwidXBkYXRlIjozNjAwMDAwMDAwMDAwfX0=",
          "dependencies": [
            "azurerm_network_interface.terranic",
            "azurerm_public_ip.vmip",
            "azurerm_resource_group.rg",
            "azurerm_subnet.vmsubnet",
            "azurerm_virtual_network.vnet"
          ]
        },
        {
          "index_key": 3,
          "schema_version": 0,
          "attributes": {
            "additional_capabilities": [],
            "availability_set_id": null,
            "boot_diagnostics": [],
            "delete_data_disks_on_termination": false,
            "delete_os_disk_on_termination": false,
            "id": "/subscriptions/8576d294-a3bb-4c6b-8fe4-6d491afce607/resourceGroups/RG_Terravms/providers/Microsoft.Compute/virtualMachines/vm3",
            "identity": [],
            "license_type": null,
            "location": "centralindia",
            "name": "vm3",
            "network_interface_ids": [
              "/subscriptions/8576d294-a3bb-4c6b-8fe4-6d491afce607/resourceGroups/RG_Terravms/providers/Microsoft.Network/networkInterfaces/vm-nic-3"
            ],
            "os_profile": [
              {
                "admin_password": "",
                "admin_username": "vmadmin",
                "computer_name": "hostname",
                "custom_data": ""
              }
            ],
            "os_profile_linux_config": [],
            "os_profile_secrets": [],
            "os_profile_windows_config": [
              {
                "additional_unattend_config": [],
                "enable_automatic_upgrades": false,
                "provision_vm_agent": false,
                "timezone": "",
                "winrm": []
              }
            ],
            "plan": [],
            "primary_network_interface_id": null,
            "proximity_placement_group_id": null,
            "resource_group_name": "RG_Terravms",
            "storage_data_disk": [],
            "storage_image_reference": [
              {
                "id": "",
                "offer": "WindowsServer",
                "publisher": "MicrosoftWindowsServer",
                "sku": "2012-R2-Datacenter",
                "version": "latest"
              }
            ],
            "storage_os_disk": [
              {
                "caching": "ReadWrite",
                "create_option": "FromImage",
                "disk_size_gb": 127,
                "image_uri": "",
                "managed_disk_id": "/subscriptions/8576d294-a3bb-4c6b-8fe4-6d491afce607/resourceGroups/RG_TERRAVMS/providers/Microsoft.Compute/disks/osdisk3",
                "managed_disk_type": "Standard_LRS",
                "name": "osdisk3",
                "os_type": "Windows",
                "vhd_uri": "",
                "write_accelerator_enabled": false
              }
            ],
            "tags": null,
            "timeouts": null,
            "vm_size": "Standard_D1_v2",
            "zones": null
          },
          "private": "eyJlMmJmYjczMC1lY2FhLTExZTYtOGY4OC0zNDM2M2JjN2M0YzAiOnsiY3JlYXRlIjozNjAwMDAwMDAwMDAwLCJkZWxldGUiOjM2MDAwMDAwMDAwMDAsInJlYWQiOjMwMDAwMDAwMDAwMCwidXBkYXRlIjozNjAwMDAwMDAwMDAwfX0=",
          "dependencies": [
            "azurerm_network_interface.terranic",
            "azurerm_public_ip.vmip",
            "azurerm_resource_group.rg",
            "azurerm_subnet.vmsubnet",
            "azurerm_virtual_network.vnet"
          ]
        }
      ]
    },
    {
      "mode": "managed",
      "type": "azurerm_virtual_network",
      "name": "vnet",
      "provider": "provider[\"registry.terraform.io/hashicorp/azurerm\"]",
      "instances": [
        {
          "schema_version": 0,
          "attributes": {
            "address_space": [
              "10.0.0.0/16"
            ],
            "ddos_protection_plan": [],
            "dns_servers": null,
            "guid": "d93a5d0a-6114-46d8-9aac-a15ae7a5cc9a",
            "id": "/subscriptions/8576d294-a3bb-4c6b-8fe4-6d491afce607/resourceGroups/RG_Terravms/providers/Microsoft.Network/virtualNetworks/vnet",
            "location": "centralindia",
            "name": "vnet",
            "resource_group_name": "RG_Terravms",
            "subnet": [],
            "tags": null,
            "timeouts": null
          },
          "private": "eyJlMmJmYjczMC1lY2FhLTExZTYtOGY4OC0zNDM2M2JjN2M0YzAiOnsiY3JlYXRlIjoxODAwMDAwMDAwMDAwLCJkZWxldGUiOjE4MDAwMDAwMDAwMDAsInJlYWQiOjMwMDAwMDAwMDAwMCwidXBkYXRlIjoxODAwMDAwMDAwMDAwfX0=",
          "dependencies": [
            "azurerm_resource_group.rg"
          ]
        }
      ]
    }
  ]
}
